
Microsoft Visual Studio Solution File, Format Version 12.00
# Visual Studio Version 17
VisualStudioVersion = 17.7.34221.43
MinimumVisualStudioVersion = 10.0.40219.1
Project("{9A19103F-16F7-4668-BE54-9A1E7A4F7556}") = "Pagination", "Pagination.csproj", "{87499120-A44D-431F-8B94-EA98CB26DB6E}"
EndProject
Project("{FAE04EC0-301F-11D3-BF4B-00C04F79EFBC}") = "Pagination.Tests", "..\Pagination.Tests\Pagination.Tests.csproj", "{A3BB22D2-26C4-4F41-931A-C34BAE7DC2ED}"
EndProject
Global
	GlobalSection(SolutionConfigurationPlatforms) = preSolution
		Debug|Any CPU = Debug|Any CPU
		Release|Any CPU = Release|Any CPU
	EndGlobalSection
	GlobalSection(ProjectConfigurationPlatforms) = postSolution
		{87499120-A44D-431F-8B94-EA98CB26DB6E}.Debug|Any CPU.ActiveCfg = Debug|Any CPU
		{87499120-A44D-431F-8B94-EA98CB26DB6E}.Debug|Any CPU.Build.0 = Debug|Any CPU
		{87499120-A44D-431F-8B94-EA98CB26DB6E}.Release|Any CPU.ActiveCfg = Release|Any CPU
		{87499120-A44D-431F-8B94-EA98CB26DB6E}.Release|Any CPU.Build.0 = Release|Any CPU
		{A3BB22D2-26C4-4F41-931A-C34BAE7DC2ED}.Debug|Any CPU.ActiveCfg = Debug|Any CPU
		{A3BB22D2-26C4-4F41-931A-C34BAE7DC2ED}.Debug|Any CPU.Build.0 = Debug|Any CPU
		{A3BB22D2-26C4-4F41-931A-C34BAE7DC2ED}.Release|Any CPU.ActiveCfg = Release|Any CPU
		{A3BB22D2-26C4-4F41-931A-C34BAE7DC2ED}.Release|Any CPU.Build.0 = Release|Any CPU
	EndGlobalSection
	GlobalSection(SolutionProperties) = preSolution
		HideSolutionNode = FALSE
	EndGlobalSection
	GlobalSection(ExtensibilityGlobals) = postSolution
		SolutionGuid = {FCBEB9C4-0DE3-44EF-943D-7946F9937CF1}
	EndGlobalSection
EndGlobal
